
Microsoft Visual Studio Solution File, Format Version 12.00
# Visual Studio Version 17
VisualStudioVersion = 17.11.35208.52
MinimumVisualStudioVersion = 10.0.40219.1
Project("{FAE04EC0-301F-11D3-BF4B-00C04F79EFBC}") = "Event Registration System", "Event Registration System.csproj", "{60455132-5802-4F97-83C6-E4F04AC0FE05}"
EndProject
Global
	GlobalSection(SolutionConfigurationPlatforms) = preSolution
		Debug|Any CPU = Debug|Any CPU
		Release|Any CPU = Release|Any CPU
	EndGlobalSection
	GlobalSection(ProjectConfigurationPlatforms) = postSolution
		{60455132-5802-4F97-83C6-E4F04AC0FE05}.Debug|Any CPU.ActiveCfg = Debug|Any CPU
		{60455132-5802-4F97-83C6-E4F04AC0FE05}.Debug|Any CPU.Build.0 = Debug|Any CPU
		{60455132-5802-4F97-83C6-E4F04AC0FE05}.Release|Any CPU.ActiveCfg = Release|Any CPU
		{60455132-5802-4F97-83C6-E4F04AC0FE05}.Release|Any CPU.Build.0 = Release|Any CPU
	EndGlobalSection
	GlobalSection(SolutionProperties) = preSolution
		HideSolutionNode = FALSE
	EndGlobalSection
	GlobalSection(ExtensibilityGlobals) = postSolution
		SolutionGuid = {9B0C2274-6A9B-40C6-9F88-834639294347}
	EndGlobalSection
EndGlobal
